{
  "name": "lineup-docker",
  "version": "0.0.1",
  "lockfileVersion": 1,
  "requires": true,
  "dependencies": {
    "ansi-styles": {
      "version": "3.2.0",
      "resolved": "https://registry.npmjs.org/ansi-styles/-/ansi-styles-3.2.0.tgz",
      "integrity": "sha512-NnSOmMEYtVR2JVMIGTzynRkkaxtiq1xnFBcdQD/DnNCYPoEPsVJhM98BDyaoNOQIi7p4okdi3E27eN7GQbsUug==",
      "dev": true,
      "requires": {
        "color-convert": "1.9.1"
      }
    },
    "chalk": {
      "version": "2.3.0",
      "resolved": "https://registry.npmjs.org/chalk/-/chalk-2.3.0.tgz",
      "integrity": "sha512-Az5zJR2CBujap2rqXGaJKaPHyJ0IrUimvYNX+ncCy8PJP4ltOGTrHUIo097ZaL2zMeKYpiCdqDvS6zdrTFok3Q==",
      "dev": true,
      "requires": {
        "ansi-styles": "3.2.0",
        "escape-string-regexp": "1.0.5",
        "supports-color": "4.5.0"
      }
    },
    "color-convert": {
      "version": "1.9.1",
      "resolved": "https://registry.npmjs.org/color-convert/-/color-convert-1.9.1.tgz",
      "integrity": "sha512-mjGanIiwQJskCC18rPR6OmrZ6fm2Lc7PeGFYwCmy5J34wC6F1PzdGL6xeMfmgicfYcNLGuVFA3WzXtIDCQSZxQ==",
      "dev": true,
      "requires": {
        "color-name": "1.1.3"
      }
    },
    "color-name": {
      "version": "1.1.3",
      "resolved": "https://registry.npmjs.org/color-name/-/color-name-1.1.3.tgz",
      "integrity": "sha1-p9BVi9icQveV3UIyj3QIMcpTvCU=",
      "dev": true
    },
    "escape-string-regexp": {
      "version": "1.0.5",
      "resolved": "https://registry.npmjs.org/escape-string-regexp/-/escape-string-regexp-1.0.5.tgz",
      "integrity": "sha1-G2HAViGQqN/2rjuyzwIAyhMLhtQ=",
      "dev": true
    },
    "has-flag": {
      "version": "2.0.0",
      "resolved": "https://registry.npmjs.org/has-flag/-/has-flag-2.0.0.tgz",
      "integrity": "sha1-6CB68cx7MNRGzHC3NLXovhj4jVE=",
      "dev": true
    },
    "lodash": {
      "version": "4.17.4",
      "resolved": "https://registry.npmjs.org/lodash/-/lodash-4.17.4.tgz",
      "integrity": "sha1-eCA6TRwyiuHYbcpkYONptX9AVa4=",
      "dev": true
    },
    "lodash.padend": {
      "version": "4.6.1",
      "resolved": "https://registry.npmjs.org/lodash.padend/-/lodash.padend-4.6.1.tgz",
      "integrity": "sha1-U8y6BH0G4VjTEfRdpiX05J5vFm4=",
      "dev": true
    },
    "microargs": {
      "version": "1.1.0",
      "resolved": "https://registry.npmjs.org/microargs/-/microargs-1.1.0.tgz",
      "integrity": "sha1-XsPNi9dzf1fUhVlBMZM+qUMJ+1k=",
      "dev": true
    },
    "microcli": {
      "version": "1.3.1",
      "resolved": "https://registry.npmjs.org/microcli/-/microcli-1.3.1.tgz",
      "integrity": "sha512-0MQ0w457h33GuktLJwzA/EmZK9B7QwcG5FqWM+7Ep5XPkFJvT3vZ6XIDaqUXYLpDAqsCSnhTKTWzWiDbXkn8mQ==",
      "dev": true,
      "requires": {
        "lodash": "4.17.4",
        "microargs": "1.1.0"
      }
    },
    "omelette": {
      "version": "0.4.5",
      "resolved": "https://registry.npmjs.org/omelette/-/omelette-0.4.5.tgz",
      "integrity": "sha512-b0k9uqwF60u15KmVkneVw96VYRtZu2QCbXUQ26SgdyVUgMBzctzIfhNPKAWl4oqJEKpe52CzBYSS+HIKtiK8sw==",
      "dev": true
    },
    "runjs": {
      "version": "4.3.0",
      "resolved": "https://registry.npmjs.org/runjs/-/runjs-4.3.0.tgz",
      "integrity": "sha512-TQLLO6bJ5Ht1aEiF002nzdn99HeoaVt7P34nCio1AjKA8zCAgeqHOBVdJAWQ8F3SOlxVbWjina9FRE+3TFsZSg==",
      "dev": true,
      "requires": {
        "chalk": "2.3.0",
        "lodash.padend": "4.6.1",
        "microcli": "1.3.1",
        "omelette": "0.4.5"
      }
    },
    "supports-color": {
      "version": "4.5.0",
      "resolved": "https://registry.npmjs.org/supports-color/-/supports-color-4.5.0.tgz",
      "integrity": "sha1-vnoN5ITexcXN34s9WRJQRJEvY1s=",
      "dev": true,
      "requires": {
        "has-flag": "2.0.0"
      }
    }
  }
}
